
Microsoft Visual Studio Solution File, Format Version 12.00
# Visual Studio Version 16
VisualStudioVersion = 16.0.31911.196
MinimumVisualStudioVersion = 10.0.40219.1
Project("{FAE04EC0-301F-11D3-BF4B-00C04F79EFBC}") = "Pregatit.MonkeyFinder", "Pregatit.MonkeyFinder\Pregatit.MonkeyFinder.csproj", "{04A225A6-5F91-437A-BEFB-F81B1E797E41}"
EndProject
Project("{2150E333-8FDC-42A3-9474-1A3956D46DE8}") = "01 Presentation", "01 Presentation", "{95F49D47-9AD4-4A23-AAF7-A8E46789BAF3}"
EndProject
Project("{2150E333-8FDC-42A3-9474-1A3956D46DE8}") = "02 Application", "02 Application", "{C32D7248-11EC-46B7-9876-86D23D22CEA9}"
EndProject
Project("{2150E333-8FDC-42A3-9474-1A3956D46DE8}") = "03 Infrastructure", "03 Infrastructure", "{FAA8A311-6F0B-4649-A02D-514CF53E5FFB}"
EndProject
Project("{2150E333-8FDC-42A3-9474-1A3956D46DE8}") = "04 Core", "04 Core", "{1BEC5897-3884-4E82-88B2-07CF1878668C}"
EndProject
Project("{FAE04EC0-301F-11D3-BF4B-00C04F79EFBC}") = "Pregatit.MonkeyFinder.Core", "Pregatit.MonkeyFinder.Core\Pregatit.MonkeyFinder.Core.csproj", "{E6186475-7D06-49D5-9CC2-519AAB25F657}"
EndProject
Project("{00D1A9C2-B5F0-4AF3-8072-F6C62B433612}") = "Pregatit.MonkeyFinder.Database", "Pregatit.MonkeyFinder.Database\Pregatit.MonkeyFinder.Database.sqlproj", "{B0808083-289C-4820-B19E-2C333250478B}"
EndProject
Project("{FAE04EC0-301F-11D3-BF4B-00C04F79EFBC}") = "Pregatit.MonkeyFinder.Infrastructure.DataAccess", "Pregatit.MonkeyFinder.Infrastructure.DataAccess\Pregatit.MonkeyFinder.Infrastructure.DataAccess.csproj", "{FE1FFA9D-FE24-421E-BD44-8B592189A82C}"
EndProject
Project("{FAE04EC0-301F-11D3-BF4B-00C04F79EFBC}") = "Pregatit.MonkeyFinder.Repositories", "Pregatit.MonkeyFinder.Repositories\Pregatit.MonkeyFinder.Repositories.csproj", "{BC4B7E89-1A6E-41B6-BE56-E0DAA19E1FB7}"
EndProject
Project("{FAE04EC0-301F-11D3-BF4B-00C04F79EFBC}") = "Pregatit.MonkeyFinder.Services", "Pregatit.MonkeyFinder.Services\Pregatit.MonkeyFinder.Services.csproj", "{42F37A6F-AF51-4FF4-8187-7A789BA64735}"
EndProject
Global
	GlobalSection(SolutionConfigurationPlatforms) = preSolution
		Debug|Any CPU = Debug|Any CPU
		Release|Any CPU = Release|Any CPU
	EndGlobalSection
	GlobalSection(ProjectConfigurationPlatforms) = postSolution
		{04A225A6-5F91-437A-BEFB-F81B1E797E41}.Debug|Any CPU.ActiveCfg = Debug|Any CPU
		{04A225A6-5F91-437A-BEFB-F81B1E797E41}.Debug|Any CPU.Build.0 = Debug|Any CPU
		{04A225A6-5F91-437A-BEFB-F81B1E797E41}.Release|Any CPU.ActiveCfg = Release|Any CPU
		{04A225A6-5F91-437A-BEFB-F81B1E797E41}.Release|Any CPU.Build.0 = Release|Any CPU
		{E6186475-7D06-49D5-9CC2-519AAB25F657}.Debug|Any CPU.ActiveCfg = Debug|Any CPU
		{E6186475-7D06-49D5-9CC2-519AAB25F657}.Debug|Any CPU.Build.0 = Debug|Any CPU
		{E6186475-7D06-49D5-9CC2-519AAB25F657}.Release|Any CPU.ActiveCfg = Release|Any CPU
		{E6186475-7D06-49D5-9CC2-519AAB25F657}.Release|Any CPU.Build.0 = Release|Any CPU
		{B0808083-289C-4820-B19E-2C333250478B}.Debug|Any CPU.ActiveCfg = Debug|Any CPU
		{B0808083-289C-4820-B19E-2C333250478B}.Debug|Any CPU.Build.0 = Debug|Any CPU
		{B0808083-289C-4820-B19E-2C333250478B}.Debug|Any CPU.Deploy.0 = Debug|Any CPU
		{B0808083-289C-4820-B19E-2C333250478B}.Release|Any CPU.ActiveCfg = Release|Any CPU
		{B0808083-289C-4820-B19E-2C333250478B}.Release|Any CPU.Build.0 = Release|Any CPU
		{B0808083-289C-4820-B19E-2C333250478B}.Release|Any CPU.Deploy.0 = Release|Any CPU
		{FE1FFA9D-FE24-421E-BD44-8B592189A82C}.Debug|Any CPU.ActiveCfg = Debug|Any CPU
		{FE1FFA9D-FE24-421E-BD44-8B592189A82C}.Debug|Any CPU.Build.0 = Debug|Any CPU
		{FE1FFA9D-FE24-421E-BD44-8B592189A82C}.Release|Any CPU.ActiveCfg = Release|Any CPU
		{FE1FFA9D-FE24-421E-BD44-8B592189A82C}.Release|Any CPU.Build.0 = Release|Any CPU
		{BC4B7E89-1A6E-41B6-BE56-E0DAA19E1FB7}.Debug|Any CPU.ActiveCfg = Debug|Any CPU
		{BC4B7E89-1A6E-41B6-BE56-E0DAA19E1FB7}.Debug|Any CPU.Build.0 = Debug|Any CPU
		{BC4B7E89-1A6E-41B6-BE56-E0DAA19E1FB7}.Release|Any CPU.ActiveCfg = Release|Any CPU
		{BC4B7E89-1A6E-41B6-BE56-E0DAA19E1FB7}.Release|Any CPU.Build.0 = Release|Any CPU
		{42F37A6F-AF51-4FF4-8187-7A789BA64735}.Debug|Any CPU.ActiveCfg = Debug|Any CPU
		{42F37A6F-AF51-4FF4-8187-7A789BA64735}.Debug|Any CPU.Build.0 = Debug|Any CPU
		{42F37A6F-AF51-4FF4-8187-7A789BA64735}.Release|Any CPU.ActiveCfg = Release|Any CPU
		{42F37A6F-AF51-4FF4-8187-7A789BA64735}.Release|Any CPU.Build.0 = Release|Any CPU
	EndGlobalSection
	GlobalSection(SolutionProperties) = preSolution
		HideSolutionNode = FALSE
	EndGlobalSection
	GlobalSection(NestedProjects) = preSolution
		{04A225A6-5F91-437A-BEFB-F81B1E797E41} = {95F49D47-9AD4-4A23-AAF7-A8E46789BAF3}
		{E6186475-7D06-49D5-9CC2-519AAB25F657} = {1BEC5897-3884-4E82-88B2-07CF1878668C}
		{B0808083-289C-4820-B19E-2C333250478B} = {FAA8A311-6F0B-4649-A02D-514CF53E5FFB}
		{FE1FFA9D-FE24-421E-BD44-8B592189A82C} = {FAA8A311-6F0B-4649-A02D-514CF53E5FFB}
		{BC4B7E89-1A6E-41B6-BE56-E0DAA19E1FB7} = {FAA8A311-6F0B-4649-A02D-514CF53E5FFB}
		{42F37A6F-AF51-4FF4-8187-7A789BA64735} = {C32D7248-11EC-46B7-9876-86D23D22CEA9}
	EndGlobalSection
	GlobalSection(ExtensibilityGlobals) = postSolution
		SolutionGuid = {14AECEFA-3D13-4EB9-BAE1-C1801EE618F9}
	EndGlobalSection
EndGlobal
